// !$*UTF8*$!
{
	archiveVersion = 1;
	classes = {
	};
	objectVersion = 56;
	objects = {

/* Begin PBXBuildFile section */
		C93DE09F2A7B9CAD007CDFD2 /* CurrentScoreView.swift in Sources */ = {isa = PBXBuildFile; fileRef = C93DE09E2A7B9CAD007CDFD2 /* CurrentScoreView.swift */; };
		C93DE0A12A7BB11A007CDFD2 /* MainScreenUIFunctions.swift in Sources */ = {isa = PBXBuildFile; fileRef = C93DE0A02A7BB11A007CDFD2 /* MainScreenUIFunctions.swift */; };
		C93DE0A32A7BB472007CDFD2 /* QuizPageUIFunctions.swift in Sources */ = {isa = PBXBuildFile; fileRef = C93DE0A22A7BB472007CDFD2 /* QuizPageUIFunctions.swift */; };
		C93DE0A52A7BB77B007CDFD2 /* ScorePageUIFunctions.swift in Sources */ = {isa = PBXBuildFile; fileRef = C93DE0A42A7BB77B007CDFD2 /* ScorePageUIFunctions.swift */; };
		C93DE0A72A7BBFEA007CDFD2 /* SecondMainPageUIFunctions.swift in Sources */ = {isa = PBXBuildFile; fileRef = C93DE0A62A7BBFEA007CDFD2 /* SecondMainPageUIFunctions.swift */; };
		C93DE0A92A7BD253007CDFD2 /* FlagManager.swift in Sources */ = {isa = PBXBuildFile; fileRef = C93DE0A82A7BD253007CDFD2 /* FlagManager.swift */; };
		C9A0CBB22A7A547500071BB0 /* AppDelegate.swift in Sources */ = {isa = PBXBuildFile; fileRef = C9A0CBB12A7A547500071BB0 /* AppDelegate.swift */; };
		C9A0CBB42A7A547500071BB0 /* SceneDelegate.swift in Sources */ = {isa = PBXBuildFile; fileRef = C9A0CBB32A7A547500071BB0 /* SceneDelegate.swift */; };
		C9A0CBB62A7A547500071BB0 /* FirstMainScreenViewController.swift in Sources */ = {isa = PBXBuildFile; fileRef = C9A0CBB52A7A547500071BB0 /* FirstMainScreenViewController.swift */; };
		C9A0CBB92A7A547500071BB0 /* Main.storyboard in Resources */ = {isa = PBXBuildFile; fileRef = C9A0CBB72A7A547500071BB0 /* Main.storyboard */; };
		C9A0CBBB2A7A547600071BB0 /* Assets.xcassets in Resources */ = {isa = PBXBuildFile; fileRef = C9A0CBBA2A7A547600071BB0 /* Assets.xcassets */; };
		C9A0CBBE2A7A547600071BB0 /* LaunchScreen.storyboard in Resources */ = {isa = PBXBuildFile; fileRef = C9A0CBBC2A7A547600071BB0 /* LaunchScreen.storyboard */; };
		C9A0CBC62A7A550E00071BB0 /* SecondMainScreenViewController.swift in Sources */ = {isa = PBXBuildFile; fileRef = C9A0CBC52A7A550E00071BB0 /* SecondMainScreenViewController.swift */; };
		C9A0CBC82A7A552900071BB0 /* QuizPageViewController.swift in Sources */ = {isa = PBXBuildFile; fileRef = C9A0CBC72A7A552900071BB0 /* QuizPageViewController.swift */; };
		C9A0CBCA2A7A554200071BB0 /* ScorePageViewController.swift in Sources */ = {isa = PBXBuildFile; fileRef = C9A0CBC92A7A554200071BB0 /* ScorePageViewController.swift */; };
		C9A0CBD42A7A565300071BB0 /* UIFunctions.swift in Sources */ = {isa = PBXBuildFile; fileRef = C9A0CBD32A7A565300071BB0 /* UIFunctions.swift */; };
		C9B29E122A7BF95300B4B64B /* PlayerCredentials.swift in Sources */ = {isa = PBXBuildFile; fileRef = C9B29E112A7BF95300B4B64B /* PlayerCredentials.swift */; };
/* End PBXBuildFile section */

/* Begin PBXFileReference section */
		C93DE09E2A7B9CAD007CDFD2 /* CurrentScoreView.swift */ = {isa = PBXFileReference; lastKnownFileType = sourcecode.swift; path = CurrentScoreView.swift; sourceTree = "<group>"; };
		C93DE0A02A7BB11A007CDFD2 /* MainScreenUIFunctions.swift */ = {isa = PBXFileReference; lastKnownFileType = sourcecode.swift; path = MainScreenUIFunctions.swift; sourceTree = "<group>"; };
		C93DE0A22A7BB472007CDFD2 /* QuizPageUIFunctions.swift */ = {isa = PBXFileReference; lastKnownFileType = sourcecode.swift; path = QuizPageUIFunctions.swift; sourceTree = "<group>"; };
		C93DE0A42A7BB77B007CDFD2 /* ScorePageUIFunctions.swift */ = {isa = PBXFileReference; lastKnownFileType = sourcecode.swift; path = ScorePageUIFunctions.swift; sourceTree = "<group>"; };
		C93DE0A62A7BBFEA007CDFD2 /* SecondMainPageUIFunctions.swift */ = {isa = PBXFileReference; lastKnownFileType = sourcecode.swift; path = SecondMainPageUIFunctions.swift; sourceTree = "<group>"; };
		C93DE0A82A7BD253007CDFD2 /* FlagManager.swift */ = {isa = PBXFileReference; lastKnownFileType = sourcecode.swift; path = FlagManager.swift; sourceTree = "<group>"; };
		C9A0CBAE2A7A547500071BB0 /* FlagQuiz.app */ = {isa = PBXFileReference; explicitFileType = wrapper.application; includeInIndex = 0; path = FlagQuiz.app; sourceTree = BUILT_PRODUCTS_DIR; };
		C9A0CBB12A7A547500071BB0 /* AppDelegate.swift */ = {isa = PBXFileReference; lastKnownFileType = sourcecode.swift; path = AppDelegate.swift; sourceTree = "<group>"; };
		C9A0CBB32A7A547500071BB0 /* SceneDelegate.swift */ = {isa = PBXFileReference; lastKnownFileType = sourcecode.swift; path = SceneDelegate.swift; sourceTree = "<group>"; };
		C9A0CBB52A7A547500071BB0 /* FirstMainScreenViewController.swift */ = {isa = PBXFileReference; lastKnownFileType = sourcecode.swift; path = FirstMainScreenViewController.swift; sourceTree = "<group>"; };
		C9A0CBB82A7A547500071BB0 /* Base */ = {isa = PBXFileReference; lastKnownFileType = file.storyboard; name = Base; path = Base.lproj/Main.storyboard; sourceTree = "<group>"; };
		C9A0CBBA2A7A547600071BB0 /* Assets.xcassets */ = {isa = PBXFileReference; lastKnownFileType = folder.assetcatalog; path = Assets.xcassets; sourceTree = "<group>"; };
		C9A0CBBD2A7A547600071BB0 /* Base */ = {isa = PBXFileReference; lastKnownFileType = file.storyboard; name = Base; path = Base.lproj/LaunchScreen.storyboard; sourceTree = "<group>"; };
		C9A0CBBF2A7A547600071BB0 /* Info.plist */ = {isa = PBXFileReference; lastKnownFileType = text.plist.xml; path = Info.plist; sourceTree = "<group>"; };
		C9A0CBC52A7A550E00071BB0 /* SecondMainScreenViewController.swift */ = {isa = PBXFileReference; lastKnownFileType = sourcecode.swift; path = SecondMainScreenViewController.swift; sourceTree = "<group>"; };
		C9A0CBC72A7A552900071BB0 /* QuizPageViewController.swift */ = {isa = PBXFileReference; lastKnownFileType = sourcecode.swift; path = QuizPageViewController.swift; sourceTree = "<group>"; };
		C9A0CBC92A7A554200071BB0 /* ScorePageViewController.swift */ = {isa = PBXFileReference; lastKnownFileType = sourcecode.swift; path = ScorePageViewController.swift; sourceTree = "<group>"; };
		C9A0CBD32A7A565300071BB0 /* UIFunctions.swift */ = {isa = PBXFileReference; lastKnownFileType = sourcecode.swift; path = UIFunctions.swift; sourceTree = "<group>"; };
		C9B29E112A7BF95300B4B64B /* PlayerCredentials.swift */ = {isa = PBXFileReference; lastKnownFileType = sourcecode.swift; path = PlayerCredentials.swift; sourceTree = "<group>"; };
/* End PBXFileReference section */

/* Begin PBXFrameworksBuildPhase section */
		C9A0CBAB2A7A547500071BB0 /* Frameworks */ = {
			isa = PBXFrameworksBuildPhase;
			buildActionMask = 2147483647;
			files = (
			);
			runOnlyForDeploymentPostprocessing = 0;
		};
/* End PBXFrameworksBuildPhase section */

/* Begin PBXGroup section */
		C9A0CBA52A7A547500071BB0 = {
			isa = PBXGroup;
			children = (
				C9A0CBB02A7A547500071BB0 /* FlagQuiz */,
				C9A0CBAF2A7A547500071BB0 /* Products */,
			);
			sourceTree = "<group>";
		};
		C9A0CBAF2A7A547500071BB0 /* Products */ = {
			isa = PBXGroup;
			children = (
				C9A0CBAE2A7A547500071BB0 /* FlagQuiz.app */,
			);
			name = Products;
			sourceTree = "<group>";
		};
		C9A0CBB02A7A547500071BB0 /* FlagQuiz */ = {
			isa = PBXGroup;
			children = (
				C9A0CBB12A7A547500071BB0 /* AppDelegate.swift */,
				C9A0CBB32A7A547500071BB0 /* SceneDelegate.swift */,
				C9A0CBD02A7A559300071BB0 /* Models */,
				C9A0CBD12A7A55A100071BB0 /* View */,
				C9A0CBCB2A7A555700071BB0 /* Controllers */,
				C9A0CBD22A7A55BA00071BB0 /* Files */,
				C9A0CBBF2A7A547600071BB0 /* Info.plist */,
			);
			path = FlagQuiz;
			sourceTree = "<group>";
		};
		C9A0CBCB2A7A555700071BB0 /* Controllers */ = {
			isa = PBXGroup;
			children = (
				C9A0CBB52A7A547500071BB0 /* FirstMainScreenViewController.swift */,
				C9A0CBC52A7A550E00071BB0 /* SecondMainScreenViewController.swift */,
				C9A0CBC72A7A552900071BB0 /* QuizPageViewController.swift */,
				C9A0CBC92A7A554200071BB0 /* ScorePageViewController.swift */,
			);
			path = Controllers;
			sourceTree = "<group>";
		};
		C9A0CBD02A7A559300071BB0 /* Models */ = {
			isa = PBXGroup;
			children = (
				C93DE0A82A7BD253007CDFD2 /* FlagManager.swift */,
				C9B29E112A7BF95300B4B64B /* PlayerCredentials.swift */,
			);
			path = Models;
			sourceTree = "<group>";
		};
		C9A0CBD12A7A55A100071BB0 /* View */ = {
			isa = PBXGroup;
			children = (
				C9A0CBD32A7A565300071BB0 /* UIFunctions.swift */,
				C93DE09E2A7B9CAD007CDFD2 /* CurrentScoreView.swift */,
				C93DE0A02A7BB11A007CDFD2 /* MainScreenUIFunctions.swift */,
				C93DE0A62A7BBFEA007CDFD2 /* SecondMainPageUIFunctions.swift */,
				C93DE0A22A7BB472007CDFD2 /* QuizPageUIFunctions.swift */,
				C93DE0A42A7BB77B007CDFD2 /* ScorePageUIFunctions.swift */,
			);
			path = View;
			sourceTree = "<group>";
		};
		C9A0CBD22A7A55BA00071BB0 /* Files */ = {
			isa = PBXGroup;
			children = (
				C9A0CBBC2A7A547600071BB0 /* LaunchScreen.storyboard */,
				C9A0CBBA2A7A547600071BB0 /* Assets.xcassets */,
				C9A0CBB72A7A547500071BB0 /* Main.storyboard */,
			);
			path = Files;
			sourceTree = "<group>";
		};
/* End PBXGroup section */

/* Begin PBXNativeTarget section */
		C9A0CBAD2A7A547500071BB0 /* FlagQuiz */ = {
			isa = PBXNativeTarget;
			buildConfigurationList = C9A0CBC22A7A547600071BB0 /* Build configuration list for PBXNativeTarget "FlagQuiz" */;
			buildPhases = (
				C9A0CBAA2A7A547500071BB0 /* Sources */,
				C9A0CBAB2A7A547500071BB0 /* Frameworks */,
				C9A0CBAC2A7A547500071BB0 /* Resources */,
			);
			buildRules = (
			);
			dependencies = (
			);
			name = FlagQuiz;
			productName = FlagQuiz;
			productReference = C9A0CBAE2A7A547500071BB0 /* FlagQuiz.app */;
			productType = "com.apple.product-type.application";
		};
/* End PBXNativeTarget section */

/* Begin PBXProject section */
		C9A0CBA62A7A547500071BB0 /* Project object */ = {
			isa = PBXProject;
			attributes = {
				BuildIndependentTargetsInParallel = 1;
				LastSwiftUpdateCheck = 1430;
				LastUpgradeCheck = 1430;
				TargetAttributes = {
					C9A0CBAD2A7A547500071BB0 = {
						CreatedOnToolsVersion = 14.3.1;
					};
				};
			};
			buildConfigurationList = C9A0CBA92A7A547500071BB0 /* Build configuration list for PBXProject "FlagQuiz" */;
			compatibilityVersion = "Xcode 14.0";
			developmentRegion = en;
			hasScannedForEncodings = 0;
			knownRegions = (
				en,
				Base,
			);
			mainGroup = C9A0CBA52A7A547500071BB0;
			productRefGroup = C9A0CBAF2A7A547500071BB0 /* Products */;
			projectDirPath = "";
			projectRoot = "";
			targets = (
				C9A0CBAD2A7A547500071BB0 /* FlagQuiz */,
			);
		};
/* End PBXProject section */

/* Begin PBXResourcesBuildPhase section */
		C9A0CBAC2A7A547500071BB0 /* Resources */ = {
			isa = PBXResourcesBuildPhase;
			buildActionMask = 2147483647;
			files = (
				C9A0CBBE2A7A547600071BB0 /* LaunchScreen.storyboard in Resources */,
				C9A0CBBB2A7A547600071BB0 /* Assets.xcassets in Resources */,
				C9A0CBB92A7A547500071BB0 /* Main.storyboard in Resources */,
			);
			runOnlyForDeploymentPostprocessing = 0;
		};
/* End PBXResourcesBuildPhase section */

/* Begin PBXSourcesBuildPhase section */
		C9A0CBAA2A7A547500071BB0 /* Sources */ = {
			isa = PBXSourcesBuildPhase;
			buildActionMask = 2147483647;
			files = (
				C9A0CBD42A7A565300071BB0 /* UIFunctions.swift in Sources */,
				C93DE0A32A7BB472007CDFD2 /* QuizPageUIFunctions.swift in Sources */,
				C9A0CBB62A7A547500071BB0 /* FirstMainScreenViewController.swift in Sources */,
				C9A0CBB22A7A547500071BB0 /* AppDelegate.swift in Sources */,
				C93DE09F2A7B9CAD007CDFD2 /* CurrentScoreView.swift in Sources */,
				C9A0CBCA2A7A554200071BB0 /* ScorePageViewController.swift in Sources */,
				C93DE0A92A7BD253007CDFD2 /* FlagManager.swift in Sources */,
				C93DE0A12A7BB11A007CDFD2 /* MainScreenUIFunctions.swift in Sources */,
				C9A0CBB42A7A547500071BB0 /* SceneDelegate.swift in Sources */,
				C9B29E122A7BF95300B4B64B /* PlayerCredentials.swift in Sources */,
				C9A0CBC82A7A552900071BB0 /* QuizPageViewController.swift in Sources */,
				C9A0CBC62A7A550E00071BB0 /* SecondMainScreenViewController.swift in Sources */,
				C93DE0A52A7BB77B007CDFD2 /* ScorePageUIFunctions.swift in Sources */,
				C93DE0A72A7BBFEA007CDFD2 /* SecondMainPageUIFunctions.swift in Sources */,
			);
			runOnlyForDeploymentPostprocessing = 0;
		};
/* End PBXSourcesBuildPhase section */

/* Begin PBXVariantGroup section */
		C9A0CBB72A7A547500071BB0 /* Main.storyboard */ = {
			isa = PBXVariantGroup;
			children = (
				C9A0CBB82A7A547500071BB0 /* Base */,
			);
			name = Main.storyboard;
			sourceTree = "<group>";
		};
		C9A0CBBC2A7A547600071BB0 /* LaunchScreen.storyboard */ = {
			isa = PBXVariantGroup;
			children = (
				C9A0CBBD2A7A547600071BB0 /* Base */,
			);
			name = LaunchScreen.storyboard;
			sourceTree = "<group>";
		};
/* End PBXVariantGroup section */

/* Begin XCBuildConfiguration section */
		C9A0CBC02A7A547600071BB0 /* Debug */ = {
			isa = XCBuildConfiguration;
			buildSettings = {
				ALWAYS_SEARCH_USER_PATHS = NO;
				CLANG_ANALYZER_NONNULL = YES;
				CLANG_ANALYZER_NUMBER_OBJECT_CONVERSION = YES_AGGRESSIVE;
				CLANG_CXX_LANGUAGE_STANDARD = "gnu++20";
				CLANG_ENABLE_MODULES = YES;
				CLANG_ENABLE_OBJC_ARC = YES;
				CLANG_ENABLE_OBJC_WEAK = YES;
				CLANG_WARN_BLOCK_CAPTURE_AUTORELEASING = YES;
				CLANG_WARN_BOOL_CONVERSION = YES;
				CLANG_WARN_COMMA = YES;
				CLANG_WARN_CONSTANT_CONVERSION = YES;
				CLANG_WARN_DEPRECATED_OBJC_IMPLEMENTATIONS = YES;
				CLANG_WARN_DIRECT_OBJC_ISA_USAGE = YES_ERROR;
				CLANG_WARN_DOCUMENTATION_COMMENTS = YES;
				CLANG_WARN_EMPTY_BODY = YES;
				CLANG_WARN_ENUM_CONVERSION = YES;
				CLANG_WARN_INFINITE_RECURSION = YES;
				CLANG_WARN_INT_CONVERSION = YES;
				CLANG_WARN_NON_LITERAL_NULL_CONVERSION = YES;
				CLANG_WARN_OBJC_IMPLICIT_RETAIN_SELF = YES;
				CLANG_WARN_OBJC_LITERAL_CONVERSION = YES;
				CLANG_WARN_OBJC_ROOT_CLASS = YES_ERROR;
				CLANG_WARN_QUOTED_INCLUDE_IN_FRAMEWORK_HEADER = YES;
				CLANG_WARN_RANGE_LOOP_ANALYSIS = YES;
				CLANG_WARN_STRICT_PROTOTYPES = YES;
				CLANG_WARN_SUSPICIOUS_MOVE = YES;
				CLANG_WARN_UNGUARDED_AVAILABILITY = YES_AGGRESSIVE;
				CLANG_WARN_UNREACHABLE_CODE = YES;
				CLANG_WARN__DUPLICATE_METHOD_MATCH = YES;
				COPY_PHASE_STRIP = NO;
				DEBUG_INFORMATION_FORMAT = dwarf;
				ENABLE_STRICT_OBJC_MSGSEND = YES;
				ENABLE_TESTABILITY = YES;
				GCC_C_LANGUAGE_STANDARD = gnu11;
				GCC_DYNAMIC_NO_PIC = NO;
				GCC_NO_COMMON_BLOCKS = YES;
				GCC_OPTIMIZATION_LEVEL = 0;
				GCC_PREPROCESSOR_DEFINITIONS = (
					"DEBUG=1",
					"$(inherited)",
				);
				GCC_WARN_64_TO_32_BIT_CONVERSION = YES;
				GCC_WARN_ABOUT_RETURN_TYPE = YES_ERROR;
				GCC_WARN_UNDECLARED_SELECTOR = YES;
				GCC_WARN_UNINITIALIZED_AUTOS = YES_AGGRESSIVE;
				GCC_WARN_UNUSED_FUNCTION = YES;
				GCC_WARN_UNUSED_VARIABLE = YES;
				IPHONEOS_DEPLOYMENT_TARGET = 16.4;
				MTL_ENABLE_DEBUG_INFO = INCLUDE_SOURCE;
				MTL_FAST_MATH = YES;
				ONLY_ACTIVE_ARCH = YES;
				SDKROOT = iphoneos;
				SWIFT_ACTIVE_COMPILATION_CONDITIONS = DEBUG;
				SWIFT_OPTIMIZATION_LEVEL = "-Onone";
			};
			name = Debug;
		};
		C9A0CBC12A7A547600071BB0 /* Release */ = {
			isa = XCBuildConfiguration;
			buildSettings = {
				ALWAYS_SEARCH_USER_PATHS = NO;
				CLANG_ANALYZER_NONNULL = YES;
				CLANG_ANALYZER_NUMBER_OBJECT_CONVERSION = YES_AGGRESSIVE;
				CLANG_CXX_LANGUAGE_STANDARD = "gnu++20";
				CLANG_ENABLE_MODULES = YES;
				CLANG_ENABLE_OBJC_ARC = YES;
				CLANG_ENABLE_OBJC_WEAK = YES;
				CLANG_WARN_BLOCK_CAPTURE_AUTORELEASING = YES;
				CLANG_WARN_BOOL_CONVERSION = YES;
				CLANG_WARN_COMMA = YES;
				CLANG_WARN_CONSTANT_CONVERSION = YES;
				CLANG_WARN_DEPRECATED_OBJC_IMPLEMENTATIONS = YES;
				CLANG_WARN_DIRECT_OBJC_ISA_USAGE = YES_ERROR;
				CLANG_WARN_DOCUMENTATION_COMMENTS = YES;
				CLANG_WARN_EMPTY_BODY = YES;
				CLANG_WARN_ENUM_CONVERSION = YES;
				CLANG_WARN_INFINITE_RECURSION = YES;
				CLANG_WARN_INT_CONVERSION = YES;
				CLANG_WARN_NON_LITERAL_NULL_CONVERSION = YES;
				CLANG_WARN_OBJC_IMPLICIT_RETAIN_SELF = YES;
				CLANG_WARN_OBJC_LITERAL_CONVERSION = YES;
				CLANG_WARN_OBJC_ROOT_CLASS = YES_ERROR;
				CLANG_WARN_QUOTED_INCLUDE_IN_FRAMEWORK_HEADER = YES;
				CLANG_WARN_RANGE_LOOP_ANALYSIS = YES;
				CLANG_WARN_STRICT_PROTOTYPES = YES;
				CLANG_WARN_SUSPICIOUS_MOVE = YES;
				CLANG_WARN_UNGUARDED_AVAILABILITY = YES_AGGRESSIVE;
				CLANG_WARN_UNREACHABLE_CODE = YES;
				CLANG_WARN__DUPLICATE_METHOD_MATCH = YES;
				COPY_PHASE_STRIP = NO;
				DEBUG_INFORMATION_FORMAT = "dwarf-with-dsym";
				ENABLE_NS_ASSERTIONS = NO;
				ENABLE_STRICT_OBJC_MSGSEND = YES;
				GCC_C_LANGUAGE_STANDARD = gnu11;
				GCC_NO_COMMON_BLOCKS = YES;
				GCC_WARN_64_TO_32_BIT_CONVERSION = YES;
				GCC_WARN_ABOUT_RETURN_TYPE = YES_ERROR;
				GCC_WARN_UNDECLARED_SELECTOR = YES;
				GCC_WARN_UNINITIALIZED_AUTOS = YES_AGGRESSIVE;
				GCC_WARN_UNUSED_FUNCTION = YES;
				GCC_WARN_UNUSED_VARIABLE = YES;
				IPHONEOS_DEPLOYMENT_TARGET = 16.4;
				MTL_ENABLE_DEBUG_INFO = NO;
				MTL_FAST_MATH = YES;
				SDKROOT = iphoneos;
				SWIFT_COMPILATION_MODE = wholemodule;
				SWIFT_OPTIMIZATION_LEVEL = "-O";
				VALIDATE_PRODUCT = YES;
			};
			name = Release;
		};
		C9A0CBC32A7A547600071BB0 /* Debug */ = {
			isa = XCBuildConfiguration;
			buildSettings = {
				ASSETCATALOG_COMPILER_APPICON_NAME = AppIcon;
				ASSETCATALOG_COMPILER_GLOBAL_ACCENT_COLOR_NAME = AccentColor;
				CODE_SIGN_STYLE = Automatic;
				CURRENT_PROJECT_VERSION = 1;
				DEVELOPMENT_TEAM = 9AR7F497GV;
				GENERATE_INFOPLIST_FILE = YES;
				INFOPLIST_FILE = FlagQuiz/Info.plist;
				INFOPLIST_KEY_UIApplicationSupportsIndirectInputEvents = YES;
				INFOPLIST_KEY_UILaunchStoryboardName = LaunchScreen;
				INFOPLIST_KEY_UIMainStoryboardFile = Main;
				INFOPLIST_KEY_UISupportedInterfaceOrientations_iPad = "UIInterfaceOrientationPortrait UIInterfaceOrientationPortraitUpsideDown UIInterfaceOrientationLandscapeLeft UIInterfaceOrientationLandscapeRight";
				INFOPLIST_KEY_UISupportedInterfaceOrientations_iPhone = "UIInterfaceOrientationPortrait UIInterfaceOrientationLandscapeLeft UIInterfaceOrientationLandscapeRight";
				LD_RUNPATH_SEARCH_PATHS = (
					"$(inherited)",
					"@executable_path/Frameworks",
				);
				MARKETING_VERSION = 1.0;
				PRODUCT_BUNDLE_IDENTIFIER = com.buse.FlagQuiz;
				PRODUCT_NAME = "$(TARGET_NAME)";
				SWIFT_EMIT_LOC_STRINGS = YES;
				SWIFT_VERSION = 5.0;
				TARGETED_DEVICE_FAMILY = "1,2";
			};
			name = Debug;
		};
		C9A0CBC42A7A547600071BB0 /* Release */ = {
			isa = XCBuildConfiguration;
			buildSettings = {
				ASSETCATALOG_COMPILER_APPICON_NAME = AppIcon;
				ASSETCATALOG_COMPILER_GLOBAL_ACCENT_COLOR_NAME = AccentColor;
				CODE_SIGN_STYLE = Automatic;
				CURRENT_PROJECT_VERSION = 1;
				DEVELOPMENT_TEAM = 9AR7F497GV;
				GENERATE_INFOPLIST_FILE = YES;
				INFOPLIST_FILE = FlagQuiz/Info.plist;
				INFOPLIST_KEY_UIApplicationSupportsIndirectInputEvents = YES;
				INFOPLIST_KEY_UILaunchStoryboardName = LaunchScreen;
				INFOPLIST_KEY_UIMainStoryboardFile = Main;
				INFOPLIST_KEY_UISupportedInterfaceOrientations_iPad = "UIInterfaceOrientationPortrait UIInterfaceOrientationPortraitUpsideDown UIInterfaceOrientationLandscapeLeft UIInterfaceOrientationLandscapeRight";
				INFOPLIST_KEY_UISupportedInterfaceOrientations_iPhone = "UIInterfaceOrientationPortrait UIInterfaceOrientationLandscapeLeft UIInterfaceOrientationLandscapeRight";
				LD_RUNPATH_SEARCH_PATHS = (
					"$(inherited)",
					"@executable_path/Frameworks",
				);
				MARKETING_VERSION = 1.0;
				PRODUCT_BUNDLE_IDENTIFIER = com.buse.FlagQuiz;
				PRODUCT_NAME = "$(TARGET_NAME)";
				SWIFT_EMIT_LOC_STRINGS = YES;
				SWIFT_VERSION = 5.0;
				TARGETED_DEVICE_FAMILY = "1,2";
			};
			name = Release;
		};
/* End XCBuildConfiguration section */

/* Begin XCConfigurationList section */
		C9A0CBA92A7A547500071BB0 /* Build configuration list for PBXProject "FlagQuiz" */ = {
			isa = XCConfigurationList;
			buildConfigurations = (
				C9A0CBC02A7A547600071BB0 /* Debug */,
				C9A0CBC12A7A547600071BB0 /* Release */,
			);
			defaultConfigurationIsVisible = 0;
			defaultConfigurationName = Release;
		};
		C9A0CBC22A7A547600071BB0 /* Build configuration list for PBXNativeTarget "FlagQuiz" */ = {
			isa = XCConfigurationList;
			buildConfigurations = (
				C9A0CBC32A7A547600071BB0 /* Debug */,
				C9A0CBC42A7A547600071BB0 /* Release */,
			);
			defaultConfigurationIsVisible = 0;
			defaultConfigurationName = Release;
		};
/* End XCConfigurationList section */
	};
	rootObject = C9A0CBA62A7A547500071BB0 /* Project object */;
}
